
Microsoft Visual Studio Solution File, Format Version 12.00
# Visual Studio Version 17
VisualStudioVersion = 17.2.32802.462
MinimumVisualStudioVersion = 10.0.40219.1
Project("{FAE04EC0-301F-11D3-BF4B-00C04F79EFBC}") = "TizedikHet_QYZ7R7", "TizedikHet_QYZ7R7\TizedikHet_QYZ7R7.csproj", "{0BC5567C-AF1F-4838-8494-0D35F8E93065}"
EndProject
Global
	GlobalSection(SolutionConfigurationPlatforms) = preSolution
		Debug|Any CPU = Debug|Any CPU
		Release|Any CPU = Release|Any CPU
	EndGlobalSection
	GlobalSection(ProjectConfigurationPlatforms) = postSolution
		{0BC5567C-AF1F-4838-8494-0D35F8E93065}.Debug|Any CPU.ActiveCfg = Debug|Any CPU
		{0BC5567C-AF1F-4838-8494-0D35F8E93065}.Debug|Any CPU.Build.0 = Debug|Any CPU
		{0BC5567C-AF1F-4838-8494-0D35F8E93065}.Release|Any CPU.ActiveCfg = Release|Any CPU
		{0BC5567C-AF1F-4838-8494-0D35F8E93065}.Release|Any CPU.Build.0 = Release|Any CPU
	EndGlobalSection
	GlobalSection(SolutionProperties) = preSolution
		HideSolutionNode = FALSE
	EndGlobalSection
	GlobalSection(ExtensibilityGlobals) = postSolution
		SolutionGuid = {B06BA93F-8C48-4282-A12D-4E4CCC56B9C2}
	EndGlobalSection
EndGlobal
